
Microsoft Visual Studio Solution File, Format Version 12.00
# Visual Studio Version 17
VisualStudioVersion = 17.0.32112.339
MinimumVisualStudioVersion = 10.0.40219.1
Project("{2150E333-8FDC-42A3-9474-1A3956D46DE8}") = "src", "src", "{291CA594-E900-48CE-AD06-898E9FE8A2A8}"
EndProject
Project("{FAE04EC0-301F-11D3-BF4B-00C04F79EFBC}") = "UserManagement.Api", "src\UserManagement.Api\UserManagement.Api.csproj", "{B3991B30-D409-4B54-8BC9-0F1F8575D352}"
EndProject
Global
	GlobalSection(SolutionConfigurationPlatforms) = preSolution
		Debug|Any CPU = Debug|Any CPU
		Release|Any CPU = Release|Any CPU
	EndGlobalSection
	GlobalSection(ProjectConfigurationPlatforms) = postSolution
		{B3991B30-D409-4B54-8BC9-0F1F8575D352}.Debug|Any CPU.ActiveCfg = Debug|Any CPU
		{B3991B30-D409-4B54-8BC9-0F1F8575D352}.Debug|Any CPU.Build.0 = Debug|Any CPU
		{B3991B30-D409-4B54-8BC9-0F1F8575D352}.Release|Any CPU.ActiveCfg = Release|Any CPU
		{B3991B30-D409-4B54-8BC9-0F1F8575D352}.Release|Any CPU.Build.0 = Release|Any CPU
	EndGlobalSection
	GlobalSection(SolutionProperties) = preSolution
		HideSolutionNode = FALSE
	EndGlobalSection
	GlobalSection(NestedProjects) = preSolution
		{B3991B30-D409-4B54-8BC9-0F1F8575D352} = {291CA594-E900-48CE-AD06-898E9FE8A2A8}
	EndGlobalSection
	GlobalSection(ExtensibilityGlobals) = postSolution
		SolutionGuid = {47E8761A-BF1F-4ABA-8D4A-2A259373402C}
	EndGlobalSection
EndGlobal
